{
  "name": "node-pdf-to-excel",
  "version": "1.0.0",
  "lockfileVersion": 1,
  "requires": true,
  "dependencies": {
    "adler-32": {
      "version": "1.2.0",
      "resolved": "https://registry.npmjs.org/adler-32/-/adler-32-1.2.0.tgz",
      "integrity": "sha1-aj5r8KY5ALoVZSgIyxXGgT0aXyU=",
      "requires": {
        "exit-on-epipe": "1.0.1",
        "printj": "1.1.2"
      }
    },
    "ambi": {
      "version": "2.5.0",
      "resolved": "https://registry.npmjs.org/ambi/-/ambi-2.5.0.tgz",
      "integrity": "sha1-fI43K+SIkRV+fOoBy2+RQ9H3QiA=",
      "requires": {
        "editions": "1.3.4",
        "typechecker": "4.5.0"
      }
    },
    "cfb": {
      "version": "1.0.6",
      "resolved": "https://registry.npmjs.org/cfb/-/cfb-1.0.6.tgz",
      "integrity": "sha512-HDWN8FEiZ5JbVZZqtlrR6K3aaC8FTO0benJrRtE93R2zY3nxNOb+Oda+fUnXFkibmY62+lUvb/Us/eDgkVWSZQ==",
      "requires": {
        "commander": "2.14.1",
        "printj": "1.1.2"
      }
    },
    "codepage": {
      "version": "1.12.2",
      "resolved": "https://registry.npmjs.org/codepage/-/codepage-1.12.2.tgz",
      "integrity": "sha512-FAN+oPs/ocaPLFvIt4vEOHgWA6UJ6t+fVbbVBoXDpTpC+4JYasomYZEEjR/Miph3qQrVnIShRwwmwu4P35JW1w==",
      "requires": {
        "commander": "2.14.1",
        "exit-on-epipe": "1.0.1"
      }
    },
    "commander": {
      "version": "2.14.1",
      "resolved": "https://registry.npmjs.org/commander/-/commander-2.14.1.tgz",
      "integrity": "sha512-+YR16o3rK53SmWHU3rEM3tPAh2rwb1yPcQX5irVn7mb0gXbwuCCrnkbV5+PBfETdfg1vui07nM6PCG1zndcjQw=="
    },
    "crc-32": {
      "version": "1.2.0",
      "resolved": "https://registry.npmjs.org/crc-32/-/crc-32-1.2.0.tgz",
      "integrity": "sha512-1uBwHxF+Y/4yF5G48fwnKq6QsIXheor3ZLPT80yGBV1oEUwpPojlEhQbWKVw1VwcTQyMGHK1/XMmTjmlsmTTGA==",
      "requires": {
        "exit-on-epipe": "1.0.1",
        "printj": "1.1.2"
      }
    },
    "eachr": {
      "version": "3.2.0",
      "resolved": "https://registry.npmjs.org/eachr/-/eachr-3.2.0.tgz",
      "integrity": "sha1-LDXkPqCGUW95l8+At6pk1VpKRIQ=",
      "requires": {
        "editions": "1.3.4",
        "typechecker": "4.5.0"
      }
    },
    "editions": {
      "version": "1.3.4",
      "resolved": "https://registry.npmjs.org/editions/-/editions-1.3.4.tgz",
      "integrity": "sha512-gzao+mxnYDzIysXKMQi/+M1mjy/rjestjg6OPoYTtI+3Izp23oiGZitsl9lPDPiTGXbcSIk1iJWhliSaglxnUg=="
    },
    "exit-on-epipe": {
      "version": "1.0.1",
      "resolved": "https://registry.npmjs.org/exit-on-epipe/-/exit-on-epipe-1.0.1.tgz",
      "integrity": "sha512-h2z5mrROTxce56S+pnvAV890uu7ls7f1kEvVGJbw1OlFH3/mlJ5bkXu0KRyW94v37zzHPiUd55iLn3DA7TjWpw=="
    },
    "extendr": {
      "version": "3.3.0",
      "resolved": "https://registry.npmjs.org/extendr/-/extendr-3.3.0.tgz",
      "integrity": "sha512-BmBSu+KOX2XOo3XMECiekGY8VAr3O4aGYgOaHQDNg2ez5rOYW+SDfNStao4VNzr+6N27Vw3A7HJKJMrHmAAXvQ==",
      "requires": {
        "editions": "1.3.4",
        "typechecker": "4.5.0"
      }
    },
    "frac": {
      "version": "1.1.2",
      "resolved": "https://registry.npmjs.org/frac/-/frac-1.1.2.tgz",
      "integrity": "sha512-w/XBfkibaTl3YDqASwfDUqkna4Z2p9cFSr1aHDt0WoMTECnRfBOv2WArlZILlqgWlmdIlALXGpM2AOhEk5W3IA=="
    },
    "graceful-fs": {
      "version": "4.1.11",
      "resolved": "https://registry.npmjs.org/graceful-fs/-/graceful-fs-4.1.11.tgz",
      "integrity": "sha1-Dovf5NHduIVNZOBOp8AOKgJuVlg="
    },
    "ignorefs": {
      "version": "1.2.0",
      "resolved": "https://registry.npmjs.org/ignorefs/-/ignorefs-1.2.0.tgz",
      "integrity": "sha1-2ln7hYl25KXkNwLM0fKC/byeV1Y=",
      "requires": {
        "editions": "1.3.4",
        "ignorepatterns": "1.1.0"
      }
    },
    "ignorepatterns": {
      "version": "1.1.0",
      "resolved": "https://registry.npmjs.org/ignorepatterns/-/ignorepatterns-1.1.0.tgz",
      "integrity": "sha1-rI9DbyI5td+2bV8NOpBKh6xnzF4="
    },
    "pdf2json": {
      "version": "0.7.1",
      "resolved": "https://registry.npmjs.org/pdf2json/-/pdf2json-0.7.1.tgz",
      "integrity": "sha1-iIjXPCaTjk2Ih7Yz1uS0Qi3NMMs=",
      "requires": {
        "async": "0.2.6",
        "optimist": "0.3.5",
        "underscore": "1.4.4",
        "xmldom": "0.1.13"
      },
      "dependencies": {
        "async": {
          "version": "0.2.6",
          "bundled": true
        },
        "optimist": {
          "version": "0.3.5",
          "bundled": true,
          "requires": {
            "wordwrap": "0.0.2"
          },
          "dependencies": {
            "wordwrap": {
              "version": "0.0.2",
              "bundled": true
            }
          }
        },
        "underscore": {
          "version": "1.4.4",
          "bundled": true
        },
        "xmldom": {
          "version": "0.1.13",
          "bundled": true
        }
      }
    },
    "pdf2table": {
      "version": "0.0.2",
      "resolved": "https://registry.npmjs.org/pdf2table/-/pdf2table-0.0.2.tgz",
      "integrity": "sha1-wXgFVIAd88Ytb5tQ1mGUTS+oUE0=",
      "requires": {
        "pdf2json": "0.7.1"
      }
    },
    "printj": {
      "version": "1.1.2",
      "resolved": "https://registry.npmjs.org/printj/-/printj-1.1.2.tgz",
      "integrity": "sha512-zA2SmoLaxZyArQTOPj5LXecR+RagfPSU5Kw1qP+jkWeNlrq+eJZyY2oS68SU1Z/7/myXM4lo9716laOFAVStCQ=="
    },
    "readdir-cluster": {
      "version": "1.1.0",
      "resolved": "https://registry.npmjs.org/readdir-cluster/-/readdir-cluster-1.1.0.tgz",
      "integrity": "sha1-sNOxpzPBE0V7ThrYmR/fgagXSnc=",
      "requires": {
        "editions": "1.3.4"
      }
    },
    "safefs": {
      "version": "4.1.0",
      "resolved": "https://registry.npmjs.org/safefs/-/safefs-4.1.0.tgz",
      "integrity": "sha1-+CrrS9165R9lPrIPZyizBYyNZEU=",
      "requires": {
        "editions": "1.3.4",
        "graceful-fs": "4.1.11"
      }
    },
    "scandirectory": {
      "version": "3.0.1",
      "resolved": "https://registry.npmjs.org/scandirectory/-/scandirectory-3.0.1.tgz",
      "integrity": "sha1-Jd0gFCfDPM5Pj0Cy838tA9B4V7o=",
      "requires": {
        "editions": "1.3.4",
        "ignorefs": "1.2.0",
        "readdir-cluster": "1.1.0"
      }
    },
    "ssf": {
      "version": "0.10.2",
      "resolved": "https://registry.npmjs.org/ssf/-/ssf-0.10.2.tgz",
      "integrity": "sha512-rDhAPm9WyIsY8eZEKyE8Qsotb3j/wBdvMWBUsOhJdfhKGLfQidRjiBUV0y/MkyCLiXQ38FG6LWW/VYUtqlIDZQ==",
      "requires": {
        "frac": "1.1.2"
      }
    },
    "taskgroup": {
      "version": "5.0.1",
      "resolved": "https://registry.npmjs.org/taskgroup/-/taskgroup-5.0.1.tgz",
      "integrity": "sha1-CHNsmyRoOxQ0d0Ix60tzqnw/ebU=",
      "requires": {
        "ambi": "2.5.0",
        "eachr": "3.2.0",
        "editions": "1.3.4",
        "extendr": "3.3.0"
      }
    },
    "typechecker": {
      "version": "4.5.0",
      "resolved": "https://registry.npmjs.org/typechecker/-/typechecker-4.5.0.tgz",
      "integrity": "sha512-bqPE/ck3bVIaXP7gMKTKSHrypT32lpYTpiqzPYeYzdSQnmaGvaGhy7TnN/M/+5R+2rs/kKcp9ZLPRp/Q9Yj+4w==",
      "requires": {
        "editions": "1.3.4"
      }
    },
    "watchr": {
      "version": "4.0.1",
      "resolved": "https://registry.npmjs.org/watchr/-/watchr-4.0.1.tgz",
      "integrity": "sha512-NjLjy+86D4KcyzA/G5exO1V3h5g1eAzG5kdv5EkjoURMWpoQnSP9VQ/wl7ia6QgXLIcHXLvf3egib+l+UR0zWw==",
      "requires": {
        "eachr": "3.2.0",
        "editions": "1.3.4",
        "extendr": "3.3.0",
        "ignorefs": "1.2.0",
        "safefs": "4.1.0",
        "scandirectory": "3.0.1",
        "taskgroup": "5.0.1"
      }
    },
    "xlsx": {
      "version": "0.12.10",
      "resolved": "https://registry.npmjs.org/xlsx/-/xlsx-0.12.10.tgz",
      "integrity": "sha1-wucb42TZDs4uCPC66RVjSDxIl/g=",
      "requires": {
        "adler-32": "1.2.0",
        "cfb": "1.0.6",
        "codepage": "1.12.2",
        "commander": "2.14.1",
        "crc-32": "1.2.0",
        "exit-on-epipe": "1.0.1",
        "ssf": "0.10.2"
      }
    }
  }
}
